
Microsoft Visual Studio Solution File, Format Version 12.00
# Visual Studio Version 16
VisualStudioVersion = 16.0.30717.126
MinimumVisualStudioVersion = 10.0.40219.1
Project("{FAE04EC0-301F-11D3-BF4B-00C04F79EFBC}") = "ControlEscolar", "ControlEscolar\ControlEscolar.csproj", "{F7387C3C-5D4C-4C5C-8CD5-F84053E55915}"
EndProject
Global
	GlobalSection(SolutionConfigurationPlatforms) = preSolution
		Debug|Any CPU = Debug|Any CPU
		Release|Any CPU = Release|Any CPU
	EndGlobalSection
	GlobalSection(ProjectConfigurationPlatforms) = postSolution
		{F7387C3C-5D4C-4C5C-8CD5-F84053E55915}.Debug|Any CPU.ActiveCfg = Debug|Any CPU
		{F7387C3C-5D4C-4C5C-8CD5-F84053E55915}.Debug|Any CPU.Build.0 = Debug|Any CPU
		{F7387C3C-5D4C-4C5C-8CD5-F84053E55915}.Release|Any CPU.ActiveCfg = Release|Any CPU
		{F7387C3C-5D4C-4C5C-8CD5-F84053E55915}.Release|Any CPU.Build.0 = Release|Any CPU
	EndGlobalSection
	GlobalSection(SolutionProperties) = preSolution
		HideSolutionNode = FALSE
	EndGlobalSection
	GlobalSection(ExtensibilityGlobals) = postSolution
		SolutionGuid = {658C6D3A-6061-42C9-AF9D-96F619DB5D51}
	EndGlobalSection
EndGlobal
